// !$*UTF8*$!
{
	archiveVersion = 1;
	classes = {
	};
	objectVersion = 55;
	objects = {

/* Begin PBXBuildFile section */
		8102FC3B27F2F46F0099E819 /* BrowseView.swift in Sources */ = {isa = PBXBuildFile; fileRef = 8102FC3A27F2F46F0099E819 /* BrowseView.swift */; };
		8102FC3D27F2F5550099E819 /* CarouseView.swift in Sources */ = {isa = PBXBuildFile; fileRef = 8102FC3C27F2F5550099E819 /* CarouseView.swift */; };
		81063DEA27F592EC007DE048 /* ImageGridView.swift in Sources */ = {isa = PBXBuildFile; fileRef = 81063DE927F592EC007DE048 /* ImageGridView.swift */; };
		81063DEE27F5A829007DE048 /* FeedViewWithComments.swift in Sources */ = {isa = PBXBuildFile; fileRef = 81063DED27F5A829007DE048 /* FeedViewWithComments.swift */; };
		81063DF027F5B275007DE048 /* UploadView.swift in Sources */ = {isa = PBXBuildFile; fileRef = 81063DEF27F5B275007DE048 /* UploadView.swift */; };
		81063DF227F5B658007DE048 /* ImagePicker.swift in Sources */ = {isa = PBXBuildFile; fileRef = 81063DF127F5B658007DE048 /* ImagePicker.swift */; };
		81127F5F27F1C6F1001E78F9 /* MessageView.swift in Sources */ = {isa = PBXBuildFile; fileRef = 81127F5E27F1C6F1001E78F9 /* MessageView.swift */; };
		81127F6127F1C848001E78F9 /* CommentModel.swift in Sources */ = {isa = PBXBuildFile; fileRef = 81127F6027F1C848001E78F9 /* CommentModel.swift */; };
		8172683527EDA13100024633 /* LaunchScreen.storyboard in Resources */ = {isa = PBXBuildFile; fileRef = 8172683427EDA13000024633 /* LaunchScreen.storyboard */; };
		8172683A27EDA5E900024633 /* Extension.swift in Sources */ = {isa = PBXBuildFile; fileRef = 8172683927EDA5E900024633 /* Extension.swift */; };
		8172683E27EDB28200024633 /* FeedView.swift in Sources */ = {isa = PBXBuildFile; fileRef = 8172683D27EDB28200024633 /* FeedView.swift */; };
		8172684027EDB37100024633 /* PostView.swift in Sources */ = {isa = PBXBuildFile; fileRef = 8172683F27EDB37100024633 /* PostView.swift */; };
		818C766B27ED8ACA001DB2A7 /* LovelyPetApp.swift in Sources */ = {isa = PBXBuildFile; fileRef = 818C766A27ED8ACA001DB2A7 /* LovelyPetApp.swift */; };
		818C766D27ED8ACA001DB2A7 /* ContentView.swift in Sources */ = {isa = PBXBuildFile; fileRef = 818C766C27ED8ACA001DB2A7 /* ContentView.swift */; };
		818C766F27ED8ACB001DB2A7 /* Assets.xcassets in Resources */ = {isa = PBXBuildFile; fileRef = 818C766E27ED8ACB001DB2A7 /* Assets.xcassets */; };
		818C767227ED8ACB001DB2A7 /* Preview Assets.xcassets in Resources */ = {isa = PBXBuildFile; fileRef = 818C767127ED8ACB001DB2A7 /* Preview Assets.xcassets */; };
		81BEE31527EEE0F000AC4363 /* CommentsView.swift in Sources */ = {isa = PBXBuildFile; fileRef = 81BEE31427EEE0F000AC4363 /* CommentsView.swift */; };
		81C90D1F28162C9900045C87 /* SettingsEditImageView.swift in Sources */ = {isa = PBXBuildFile; fileRef = 81C90D1E28162C9900045C87 /* SettingsEditImageView.swift */; };
		81C9B15D27EE8F8F00FF1458 /* PostModel.swift in Sources */ = {isa = PBXBuildFile; fileRef = 81C9B15C27EE8F8F00FF1458 /* PostModel.swift */; };
		81C9B15F27EE91A400FF1458 /* PostViewModel.swift in Sources */ = {isa = PBXBuildFile; fileRef = 81C9B15E27EE91A400FF1458 /* PostViewModel.swift */; };
		81CD278028200AFE0025D545 /* LikeAnimationView.swift in Sources */ = {isa = PBXBuildFile; fileRef = 81CD277F28200AFE0025D545 /* LikeAnimationView.swift */; };
		81CF0EBC281785E50080BA9D /* SignUpView.swift in Sources */ = {isa = PBXBuildFile; fileRef = 81CF0EBB281785E50080BA9D /* SignUpView.swift */; };
		81E3947827FABCCE004D5D94 /* ProfileView.swift in Sources */ = {isa = PBXBuildFile; fileRef = 81E3947727FABCCE004D5D94 /* ProfileView.swift */; };
		81E3947A27FABE63004D5D94 /* ProfileHeaderView.swift in Sources */ = {isa = PBXBuildFile; fileRef = 81E3947927FABE63004D5D94 /* ProfileHeaderView.swift */; };
		81E3947C27FAE69D004D5D94 /* SettingsView.swift in Sources */ = {isa = PBXBuildFile; fileRef = 81E3947B27FAE69D004D5D94 /* SettingsView.swift */; };
		81E3947E27FAE8B5004D5D94 /* SettingsLabelView.swift in Sources */ = {isa = PBXBuildFile; fileRef = 81E3947D27FAE8B5004D5D94 /* SettingsLabelView.swift */; };
		81E3948227FAEB92004D5D94 /* SettingsRowView.swift in Sources */ = {isa = PBXBuildFile; fileRef = 81E3948127FAEB92004D5D94 /* SettingsRowView.swift */; };
		81E3948427FB06C3004D5D94 /* SettingsEditTextView.swift in Sources */ = {isa = PBXBuildFile; fileRef = 81E3948327FB06C3004D5D94 /* SettingsEditTextView.swift */; };
		81F8822F281F5C9B0083BFF2 /* OnboardingView.swift in Sources */ = {isa = PBXBuildFile; fileRef = 81F8822E281F5C9A0083BFF2 /* OnboardingView.swift */; };
		81F88231281F5EB10083BFF2 /* SigninWithAppleButtonCustom.swift in Sources */ = {isa = PBXBuildFile; fileRef = 81F88230281F5EB10083BFF2 /* SigninWithAppleButtonCustom.swift */; };
		81F88233281F658F0083BFF2 /* OnboardingViewPart2.swift in Sources */ = {isa = PBXBuildFile; fileRef = 81F88232281F658E0083BFF2 /* OnboardingViewPart2.swift */; };
		81FA45E327F6875F00178C7B /* PostImageView.swift in Sources */ = {isa = PBXBuildFile; fileRef = 81FA45E227F6875F00178C7B /* PostImageView.swift */; };
/* End PBXBuildFile section */

/* Begin PBXFileReference section */
		8102FC3A27F2F46F0099E819 /* BrowseView.swift */ = {isa = PBXFileReference; lastKnownFileType = sourcecode.swift; path = BrowseView.swift; sourceTree = "<group>"; };
		8102FC3C27F2F5550099E819 /* CarouseView.swift */ = {isa = PBXFileReference; lastKnownFileType = sourcecode.swift; path = CarouseView.swift; sourceTree = "<group>"; };
		81063DE927F592EC007DE048 /* ImageGridView.swift */ = {isa = PBXFileReference; lastKnownFileType = sourcecode.swift; path = ImageGridView.swift; sourceTree = "<group>"; };
		81063DED27F5A829007DE048 /* FeedViewWithComments.swift */ = {isa = PBXFileReference; lastKnownFileType = sourcecode.swift; path = FeedViewWithComments.swift; sourceTree = "<group>"; };
		81063DEF27F5B275007DE048 /* UploadView.swift */ = {isa = PBXFileReference; lastKnownFileType = sourcecode.swift; path = UploadView.swift; sourceTree = "<group>"; };
		81063DF127F5B658007DE048 /* ImagePicker.swift */ = {isa = PBXFileReference; lastKnownFileType = sourcecode.swift; path = ImagePicker.swift; sourceTree = "<group>"; };
		81063DF327F5BC30007DE048 /* Info.plist */ = {isa = PBXFileReference; lastKnownFileType = text.plist; path = Info.plist; sourceTree = "<group>"; };
		81127F5E27F1C6F1001E78F9 /* MessageView.swift */ = {isa = PBXFileReference; lastKnownFileType = sourcecode.swift; path = MessageView.swift; sourceTree = "<group>"; };
		81127F6027F1C848001E78F9 /* CommentModel.swift */ = {isa = PBXFileReference; lastKnownFileType = sourcecode.swift; path = CommentModel.swift; sourceTree = "<group>"; };
		8172683427EDA13000024633 /* LaunchScreen.storyboard */ = {isa = PBXFileReference; lastKnownFileType = file.storyboard; path = LaunchScreen.storyboard; sourceTree = "<group>"; };
		8172683927EDA5E900024633 /* Extension.swift */ = {isa = PBXFileReference; lastKnownFileType = sourcecode.swift; path = Extension.swift; sourceTree = "<group>"; };
		8172683D27EDB28200024633 /* FeedView.swift */ = {isa = PBXFileReference; lastKnownFileType = sourcecode.swift; path = FeedView.swift; sourceTree = "<group>"; };
		8172683F27EDB37100024633 /* PostView.swift */ = {isa = PBXFileReference; lastKnownFileType = sourcecode.swift; path = PostView.swift; sourceTree = "<group>"; };
		818C766727ED8ACA001DB2A7 /* LovelyPet.app */ = {isa = PBXFileReference; explicitFileType = wrapper.application; includeInIndex = 0; path = LovelyPet.app; sourceTree = BUILT_PRODUCTS_DIR; };
		818C766A27ED8ACA001DB2A7 /* LovelyPetApp.swift */ = {isa = PBXFileReference; lastKnownFileType = sourcecode.swift; path = LovelyPetApp.swift; sourceTree = "<group>"; };
		818C766C27ED8ACA001DB2A7 /* ContentView.swift */ = {isa = PBXFileReference; lastKnownFileType = sourcecode.swift; path = ContentView.swift; sourceTree = "<group>"; };
		818C766E27ED8ACB001DB2A7 /* Assets.xcassets */ = {isa = PBXFileReference; lastKnownFileType = folder.assetcatalog; path = Assets.xcassets; sourceTree = "<group>"; };
		818C767127ED8ACB001DB2A7 /* Preview Assets.xcassets */ = {isa = PBXFileReference; lastKnownFileType = folder.assetcatalog; path = "Preview Assets.xcassets"; sourceTree = "<group>"; };
		81BEE31427EEE0F000AC4363 /* CommentsView.swift */ = {isa = PBXFileReference; lastKnownFileType = sourcecode.swift; path = CommentsView.swift; sourceTree = "<group>"; };
		81C90D1E28162C9900045C87 /* SettingsEditImageView.swift */ = {isa = PBXFileReference; lastKnownFileType = sourcecode.swift; path = SettingsEditImageView.swift; sourceTree = "<group>"; };
		81C9B15C27EE8F8F00FF1458 /* PostModel.swift */ = {isa = PBXFileReference; lastKnownFileType = sourcecode.swift; path = PostModel.swift; sourceTree = "<group>"; };
		81C9B15E27EE91A400FF1458 /* PostViewModel.swift */ = {isa = PBXFileReference; lastKnownFileType = sourcecode.swift; path = PostViewModel.swift; sourceTree = "<group>"; };
		81CD277F28200AFE0025D545 /* LikeAnimationView.swift */ = {isa = PBXFileReference; lastKnownFileType = sourcecode.swift; path = LikeAnimationView.swift; sourceTree = "<group>"; };
		81CF0EBB281785E50080BA9D /* SignUpView.swift */ = {isa = PBXFileReference; lastKnownFileType = sourcecode.swift; path = SignUpView.swift; sourceTree = "<group>"; };
		81E3947727FABCCE004D5D94 /* ProfileView.swift */ = {isa = PBXFileReference; lastKnownFileType = sourcecode.swift; name = ProfileView.swift; path = LovelyPet/View/Screens/ProfileView.swift; sourceTree = SOURCE_ROOT; };
		81E3947927FABE63004D5D94 /* ProfileHeaderView.swift */ = {isa = PBXFileReference; lastKnownFileType = sourcecode.swift; path = ProfileHeaderView.swift; sourceTree = "<group>"; };
		81E3947B27FAE69D004D5D94 /* SettingsView.swift */ = {isa = PBXFileReference; lastKnownFileType = sourcecode.swift; path = SettingsView.swift; sourceTree = "<group>"; };
		81E3947D27FAE8B5004D5D94 /* SettingsLabelView.swift */ = {isa = PBXFileReference; lastKnownFileType = sourcecode.swift; path = SettingsLabelView.swift; sourceTree = "<group>"; };
		81E3948127FAEB92004D5D94 /* SettingsRowView.swift */ = {isa = PBXFileReference; lastKnownFileType = sourcecode.swift; path = SettingsRowView.swift; sourceTree = "<group>"; };
		81E3948327FB06C3004D5D94 /* SettingsEditTextView.swift */ = {isa = PBXFileReference; lastKnownFileType = sourcecode.swift; path = SettingsEditTextView.swift; sourceTree = "<group>"; };
		81F8822E281F5C9A0083BFF2 /* OnboardingView.swift */ = {isa = PBXFileReference; lastKnownFileType = sourcecode.swift; path = OnboardingView.swift; sourceTree = "<group>"; };
		81F88230281F5EB10083BFF2 /* SigninWithAppleButtonCustom.swift */ = {isa = PBXFileReference; lastKnownFileType = sourcecode.swift; path = SigninWithAppleButtonCustom.swift; sourceTree = "<group>"; };
		81F88232281F658E0083BFF2 /* OnboardingViewPart2.swift */ = {isa = PBXFileReference; lastKnownFileType = sourcecode.swift; path = OnboardingViewPart2.swift; sourceTree = "<group>"; };
		81FA45E227F6875F00178C7B /* PostImageView.swift */ = {isa = PBXFileReference; lastKnownFileType = sourcecode.swift; path = PostImageView.swift; sourceTree = "<group>"; };
/* End PBXFileReference section */

/* Begin PBXFrameworksBuildPhase section */
		818C766427ED8ACA001DB2A7 /* Frameworks */ = {
			isa = PBXFrameworksBuildPhase;
			buildActionMask = 2147483647;
			files = (
			);
			runOnlyForDeploymentPostprocessing = 0;
		};
/* End PBXFrameworksBuildPhase section */

/* Begin PBXGroup section */
		8172682B27ED98DD00024633 /* View */ = {
			isa = PBXGroup;
			children = (
				8172683327ED999100024633 /* Screens */,
				8172683227ED998400024633 /* SubViews */,
			);
			path = View;
			sourceTree = "<group>";
		};
		8172682C27ED98EA00024633 /* ViewModel */ = {
			isa = PBXGroup;
			children = (
				81C9B15E27EE91A400FF1458 /* PostViewModel.swift */,
			);
			path = ViewModel;
			sourceTree = "<group>";
		};
		8172682D27ED98F200024633 /* Model */ = {
			isa = PBXGroup;
			children = (
				81C9B15C27EE8F8F00FF1458 /* PostModel.swift */,
				81127F6027F1C848001E78F9 /* CommentModel.swift */,
			);
			path = Model;
			sourceTree = "<group>";
		};
		8172682F27ED992E00024633 /* Services */ = {
			isa = PBXGroup;
			children = (
			);
			path = Services;
			sourceTree = "<group>";
		};
		8172683027ED994400024633 /* Utilities */ = {
			isa = PBXGroup;
			children = (
			);
			path = Utilities;
			sourceTree = "<group>";
		};
		8172683127ED996B00024633 /* App */ = {
			isa = PBXGroup;
			children = (
				818C766A27ED8ACA001DB2A7 /* LovelyPetApp.swift */,
				818C766C27ED8ACA001DB2A7 /* ContentView.swift */,
				8172683427EDA13000024633 /* LaunchScreen.storyboard */,
			);
			path = App;
			sourceTree = "<group>";
		};
		8172683227ED998400024633 /* SubViews */ = {
			isa = PBXGroup;
			children = (
				8172683F27EDB37100024633 /* PostView.swift */,
				81127F5E27F1C6F1001E78F9 /* MessageView.swift */,
				8102FC3C27F2F5550099E819 /* CarouseView.swift */,
				81063DE927F592EC007DE048 /* ImageGridView.swift */,
				81E3947927FABE63004D5D94 /* ProfileHeaderView.swift */,
				81E3947D27FAE8B5004D5D94 /* SettingsLabelView.swift */,
				81E3948127FAEB92004D5D94 /* SettingsRowView.swift */,
				81F88230281F5EB10083BFF2 /* SigninWithAppleButtonCustom.swift */,
				81CD277F28200AFE0025D545 /* LikeAnimationView.swift */,
			);
			path = SubViews;
			sourceTree = "<group>";
		};
		8172683327ED999100024633 /* Screens */ = {
			isa = PBXGroup;
			children = (
				8172683D27EDB28200024633 /* FeedView.swift */,
				81BEE31427EEE0F000AC4363 /* CommentsView.swift */,
				8102FC3A27F2F46F0099E819 /* BrowseView.swift */,
				81063DED27F5A829007DE048 /* FeedViewWithComments.swift */,
				81063DEF27F5B275007DE048 /* UploadView.swift */,
				81063DF127F5B658007DE048 /* ImagePicker.swift */,
				81FA45E227F6875F00178C7B /* PostImageView.swift */,
				81E3947727FABCCE004D5D94 /* ProfileView.swift */,
				81E3947B27FAE69D004D5D94 /* SettingsView.swift */,
				81E3948327FB06C3004D5D94 /* SettingsEditTextView.swift */,
				81C90D1E28162C9900045C87 /* SettingsEditImageView.swift */,
				81CF0EBB281785E50080BA9D /* SignUpView.swift */,
				81F8822E281F5C9A0083BFF2 /* OnboardingView.swift */,
				81F88232281F658E0083BFF2 /* OnboardingViewPart2.swift */,
			);
			path = Screens;
			sourceTree = "<group>";
		};
		8172683827EDA5D400024633 /* Helper */ = {
			isa = PBXGroup;
			children = (
				8172683927EDA5E900024633 /* Extension.swift */,
			);
			path = Helper;
			sourceTree = "<group>";
		};
		818C765E27ED8ACA001DB2A7 = {
			isa = PBXGroup;
			children = (
				818C766927ED8ACA001DB2A7 /* LovelyPet */,
				818C766827ED8ACA001DB2A7 /* Products */,
			);
			sourceTree = "<group>";
		};
		818C766827ED8ACA001DB2A7 /* Products */ = {
			isa = PBXGroup;
			children = (
				818C766727ED8ACA001DB2A7 /* LovelyPet.app */,
			);
			name = Products;
			sourceTree = "<group>";
		};
		818C766927ED8ACA001DB2A7 /* LovelyPet */ = {
			isa = PBXGroup;
			children = (
				81063DF327F5BC30007DE048 /* Info.plist */,
				8172683127ED996B00024633 /* App */,
				8172682D27ED98F200024633 /* Model */,
				8172682C27ED98EA00024633 /* ViewModel */,
				8172682B27ED98DD00024633 /* View */,
				8172682F27ED992E00024633 /* Services */,
				8172683027ED994400024633 /* Utilities */,
				8172683827EDA5D400024633 /* Helper */,
				818C766E27ED8ACB001DB2A7 /* Assets.xcassets */,
				818C767027ED8ACB001DB2A7 /* Preview Content */,
			);
			path = LovelyPet;
			sourceTree = "<group>";
		};
		818C767027ED8ACB001DB2A7 /* Preview Content */ = {
			isa = PBXGroup;
			children = (
				818C767127ED8ACB001DB2A7 /* Preview Assets.xcassets */,
			);
			path = "Preview Content";
			sourceTree = "<group>";
		};
/* End PBXGroup section */

/* Begin PBXNativeTarget section */
		818C766627ED8ACA001DB2A7 /* LovelyPet */ = {
			isa = PBXNativeTarget;
			buildConfigurationList = 818C767527ED8ACB001DB2A7 /* Build configuration list for PBXNativeTarget "LovelyPet" */;
			buildPhases = (
				818C766327ED8ACA001DB2A7 /* Sources */,
				818C766427ED8ACA001DB2A7 /* Frameworks */,
				818C766527ED8ACA001DB2A7 /* Resources */,
			);
			buildRules = (
			);
			dependencies = (
			);
			name = LovelyPet;
			productName = LovelyPet;
			productReference = 818C766727ED8ACA001DB2A7 /* LovelyPet.app */;
			productType = "com.apple.product-type.application";
		};
/* End PBXNativeTarget section */

/* Begin PBXProject section */
		818C765F27ED8ACA001DB2A7 /* Project object */ = {
			isa = PBXProject;
			attributes = {
				BuildIndependentTargetsInParallel = 1;
				LastSwiftUpdateCheck = 1320;
				LastUpgradeCheck = 1320;
				TargetAttributes = {
					818C766627ED8ACA001DB2A7 = {
						CreatedOnToolsVersion = 13.2.1;
					};
				};
			};
			buildConfigurationList = 818C766227ED8ACA001DB2A7 /* Build configuration list for PBXProject "LovelyPet" */;
			compatibilityVersion = "Xcode 13.0";
			developmentRegion = en;
			hasScannedForEncodings = 0;
			knownRegions = (
				en,
				Base,
			);
			mainGroup = 818C765E27ED8ACA001DB2A7;
			productRefGroup = 818C766827ED8ACA001DB2A7 /* Products */;
			projectDirPath = "";
			projectRoot = "";
			targets = (
				818C766627ED8ACA001DB2A7 /* LovelyPet */,
			);
		};
/* End PBXProject section */

/* Begin PBXResourcesBuildPhase section */
		818C766527ED8ACA001DB2A7 /* Resources */ = {
			isa = PBXResourcesBuildPhase;
			buildActionMask = 2147483647;
			files = (
				8172683527EDA13100024633 /* LaunchScreen.storyboard in Resources */,
				818C767227ED8ACB001DB2A7 /* Preview Assets.xcassets in Resources */,
				818C766F27ED8ACB001DB2A7 /* Assets.xcassets in Resources */,
			);
			runOnlyForDeploymentPostprocessing = 0;
		};
/* End PBXResourcesBuildPhase section */

/* Begin PBXSourcesBuildPhase section */
		818C766327ED8ACA001DB2A7 /* Sources */ = {
			isa = PBXSourcesBuildPhase;
			buildActionMask = 2147483647;
			files = (
				8172683E27EDB28200024633 /* FeedView.swift in Sources */,
				8102FC3D27F2F5550099E819 /* CarouseView.swift in Sources */,
				81063DEE27F5A829007DE048 /* FeedViewWithComments.swift in Sources */,
				81E3947E27FAE8B5004D5D94 /* SettingsLabelView.swift in Sources */,
				81C9B15F27EE91A400FF1458 /* PostViewModel.swift in Sources */,
				81E3948427FB06C3004D5D94 /* SettingsEditTextView.swift in Sources */,
				81C9B15D27EE8F8F00FF1458 /* PostModel.swift in Sources */,
				81E3947C27FAE69D004D5D94 /* SettingsView.swift in Sources */,
				81F88231281F5EB10083BFF2 /* SigninWithAppleButtonCustom.swift in Sources */,
				81127F5F27F1C6F1001E78F9 /* MessageView.swift in Sources */,
				81063DF027F5B275007DE048 /* UploadView.swift in Sources */,
				8172683A27EDA5E900024633 /* Extension.swift in Sources */,
				81F8822F281F5C9B0083BFF2 /* OnboardingView.swift in Sources */,
				81063DEA27F592EC007DE048 /* ImageGridView.swift in Sources */,
				818C766D27ED8ACA001DB2A7 /* ContentView.swift in Sources */,
				81E3947A27FABE63004D5D94 /* ProfileHeaderView.swift in Sources */,
				81E3947827FABCCE004D5D94 /* ProfileView.swift in Sources */,
				8172684027EDB37100024633 /* PostView.swift in Sources */,
				81CF0EBC281785E50080BA9D /* SignUpView.swift in Sources */,
				8102FC3B27F2F46F0099E819 /* BrowseView.swift in Sources */,
				81127F6127F1C848001E78F9 /* CommentModel.swift in Sources */,
				81063DF227F5B658007DE048 /* ImagePicker.swift in Sources */,
				81C90D1F28162C9900045C87 /* SettingsEditImageView.swift in Sources */,
				81E3948227FAEB92004D5D94 /* SettingsRowView.swift in Sources */,
				81BEE31527EEE0F000AC4363 /* CommentsView.swift in Sources */,
				81FA45E327F6875F00178C7B /* PostImageView.swift in Sources */,
				818C766B27ED8ACA001DB2A7 /* LovelyPetApp.swift in Sources */,
				81F88233281F658F0083BFF2 /* OnboardingViewPart2.swift in Sources */,
				81CD278028200AFE0025D545 /* LikeAnimationView.swift in Sources */,
			);
			runOnlyForDeploymentPostprocessing = 0;
		};
/* End PBXSourcesBuildPhase section */

/* Begin XCBuildConfiguration section */
		818C767327ED8ACB001DB2A7 /* Debug */ = {
			isa = XCBuildConfiguration;
			buildSettings = {
				ALWAYS_SEARCH_USER_PATHS = NO;
				CLANG_ANALYZER_NONNULL = YES;
				CLANG_ANALYZER_NUMBER_OBJECT_CONVERSION = YES_AGGRESSIVE;
				CLANG_CXX_LANGUAGE_STANDARD = "gnu++17";
				CLANG_CXX_LIBRARY = "libc++";
				CLANG_ENABLE_MODULES = YES;
				CLANG_ENABLE_OBJC_ARC = YES;
				CLANG_ENABLE_OBJC_WEAK = YES;
				CLANG_WARN_BLOCK_CAPTURE_AUTORELEASING = YES;
				CLANG_WARN_BOOL_CONVERSION = YES;
				CLANG_WARN_COMMA = YES;
				CLANG_WARN_CONSTANT_CONVERSION = YES;
				CLANG_WARN_DEPRECATED_OBJC_IMPLEMENTATIONS = YES;
				CLANG_WARN_DIRECT_OBJC_ISA_USAGE = YES_ERROR;
				CLANG_WARN_DOCUMENTATION_COMMENTS = YES;
				CLANG_WARN_EMPTY_BODY = YES;
				CLANG_WARN_ENUM_CONVERSION = YES;
				CLANG_WARN_INFINITE_RECURSION = YES;
				CLANG_WARN_INT_CONVERSION = YES;
				CLANG_WARN_NON_LITERAL_NULL_CONVERSION = YES;
				CLANG_WARN_OBJC_IMPLICIT_RETAIN_SELF = YES;
				CLANG_WARN_OBJC_LITERAL_CONVERSION = YES;
				CLANG_WARN_OBJC_ROOT_CLASS = YES_ERROR;
				CLANG_WARN_QUOTED_INCLUDE_IN_FRAMEWORK_HEADER = YES;
				CLANG_WARN_RANGE_LOOP_ANALYSIS = YES;
				CLANG_WARN_STRICT_PROTOTYPES = YES;
				CLANG_WARN_SUSPICIOUS_MOVE = YES;
				CLANG_WARN_UNGUARDED_AVAILABILITY = YES_AGGRESSIVE;
				CLANG_WARN_UNREACHABLE_CODE = YES;
				CLANG_WARN__DUPLICATE_METHOD_MATCH = YES;
				COPY_PHASE_STRIP = NO;
				DEBUG_INFORMATION_FORMAT = dwarf;
				ENABLE_STRICT_OBJC_MSGSEND = YES;
				ENABLE_TESTABILITY = YES;
				GCC_C_LANGUAGE_STANDARD = gnu11;
				GCC_DYNAMIC_NO_PIC = NO;
				GCC_NO_COMMON_BLOCKS = YES;
				GCC_OPTIMIZATION_LEVEL = 0;
				GCC_PREPROCESSOR_DEFINITIONS = (
					"DEBUG=1",
					"$(inherited)",
				);
				GCC_WARN_64_TO_32_BIT_CONVERSION = YES;
				GCC_WARN_ABOUT_RETURN_TYPE = YES_ERROR;
				GCC_WARN_UNDECLARED_SELECTOR = YES;
				GCC_WARN_UNINITIALIZED_AUTOS = YES_AGGRESSIVE;
				GCC_WARN_UNUSED_FUNCTION = YES;
				GCC_WARN_UNUSED_VARIABLE = YES;
				IPHONEOS_DEPLOYMENT_TARGET = 15.2;
				MTL_ENABLE_DEBUG_INFO = INCLUDE_SOURCE;
				MTL_FAST_MATH = YES;
				ONLY_ACTIVE_ARCH = YES;
				SDKROOT = iphoneos;
				SWIFT_ACTIVE_COMPILATION_CONDITIONS = DEBUG;
				SWIFT_OPTIMIZATION_LEVEL = "-Onone";
			};
			name = Debug;
		};
		818C767427ED8ACB001DB2A7 /* Release */ = {
			isa = XCBuildConfiguration;
			buildSettings = {
				ALWAYS_SEARCH_USER_PATHS = NO;
				CLANG_ANALYZER_NONNULL = YES;
				CLANG_ANALYZER_NUMBER_OBJECT_CONVERSION = YES_AGGRESSIVE;
				CLANG_CXX_LANGUAGE_STANDARD = "gnu++17";
				CLANG_CXX_LIBRARY = "libc++";
				CLANG_ENABLE_MODULES = YES;
				CLANG_ENABLE_OBJC_ARC = YES;
				CLANG_ENABLE_OBJC_WEAK = YES;
				CLANG_WARN_BLOCK_CAPTURE_AUTORELEASING = YES;
				CLANG_WARN_BOOL_CONVERSION = YES;
				CLANG_WARN_COMMA = YES;
				CLANG_WARN_CONSTANT_CONVERSION = YES;
				CLANG_WARN_DEPRECATED_OBJC_IMPLEMENTATIONS = YES;
				CLANG_WARN_DIRECT_OBJC_ISA_USAGE = YES_ERROR;
				CLANG_WARN_DOCUMENTATION_COMMENTS = YES;
				CLANG_WARN_EMPTY_BODY = YES;
				CLANG_WARN_ENUM_CONVERSION = YES;
				CLANG_WARN_INFINITE_RECURSION = YES;
				CLANG_WARN_INT_CONVERSION = YES;
				CLANG_WARN_NON_LITERAL_NULL_CONVERSION = YES;
				CLANG_WARN_OBJC_IMPLICIT_RETAIN_SELF = YES;
				CLANG_WARN_OBJC_LITERAL_CONVERSION = YES;
				CLANG_WARN_OBJC_ROOT_CLASS = YES_ERROR;
				CLANG_WARN_QUOTED_INCLUDE_IN_FRAMEWORK_HEADER = YES;
				CLANG_WARN_RANGE_LOOP_ANALYSIS = YES;
				CLANG_WARN_STRICT_PROTOTYPES = YES;
				CLANG_WARN_SUSPICIOUS_MOVE = YES;
				CLANG_WARN_UNGUARDED_AVAILABILITY = YES_AGGRESSIVE;
				CLANG_WARN_UNREACHABLE_CODE = YES;
				CLANG_WARN__DUPLICATE_METHOD_MATCH = YES;
				COPY_PHASE_STRIP = NO;
				DEBUG_INFORMATION_FORMAT = "dwarf-with-dsym";
				ENABLE_NS_ASSERTIONS = NO;
				ENABLE_STRICT_OBJC_MSGSEND = YES;
				GCC_C_LANGUAGE_STANDARD = gnu11;
				GCC_NO_COMMON_BLOCKS = YES;
				GCC_WARN_64_TO_32_BIT_CONVERSION = YES;
				GCC_WARN_ABOUT_RETURN_TYPE = YES_ERROR;
				GCC_WARN_UNDECLARED_SELECTOR = YES;
				GCC_WARN_UNINITIALIZED_AUTOS = YES_AGGRESSIVE;
				GCC_WARN_UNUSED_FUNCTION = YES;
				GCC_WARN_UNUSED_VARIABLE = YES;
				IPHONEOS_DEPLOYMENT_TARGET = 15.2;
				MTL_ENABLE_DEBUG_INFO = NO;
				MTL_FAST_MATH = YES;
				SDKROOT = iphoneos;
				SWIFT_COMPILATION_MODE = wholemodule;
				SWIFT_OPTIMIZATION_LEVEL = "-O";
				VALIDATE_PRODUCT = YES;
			};
			name = Release;
		};
		818C767627ED8ACB001DB2A7 /* Debug */ = {
			isa = XCBuildConfiguration;
			buildSettings = {
				ASSETCATALOG_COMPILER_APPICON_NAME = AppIcon;
				ASSETCATALOG_COMPILER_GLOBAL_ACCENT_COLOR_NAME = AccentColor;
				CODE_SIGN_STYLE = Automatic;
				CURRENT_PROJECT_VERSION = 1;
				DEVELOPMENT_ASSET_PATHS = "\"LovelyPet/Preview Content\"";
				DEVELOPMENT_TEAM = M63L6X73D4;
				ENABLE_PREVIEWS = YES;
				GENERATE_INFOPLIST_FILE = YES;
				INFOPLIST_FILE = LovelyPet/Info.plist;
				INFOPLIST_KEY_UIApplicationSceneManifest_Generation = YES;
				INFOPLIST_KEY_UIApplicationSupportsIndirectInputEvents = YES;
				INFOPLIST_KEY_UILaunchScreen_Generation = YES;
				INFOPLIST_KEY_UILaunchStoryboardName = LaunchScreen;
				INFOPLIST_KEY_UISupportedInterfaceOrientations = UIInterfaceOrientationPortrait;
				INFOPLIST_KEY_UISupportedInterfaceOrientations_iPad = "UIInterfaceOrientationPortrait UIInterfaceOrientationPortraitUpsideDown UIInterfaceOrientationLandscapeLeft UIInterfaceOrientationLandscapeRight";
				INFOPLIST_KEY_UISupportedInterfaceOrientations_iPhone = "UIInterfaceOrientationPortrait UIInterfaceOrientationLandscapeLeft UIInterfaceOrientationLandscapeRight";
				IPHONEOS_DEPLOYMENT_TARGET = 14.0;
				LD_RUNPATH_SEARCH_PATHS = (
					"$(inherited)",
					"@executable_path/Frameworks",
				);
				MARKETING_VERSION = 1.0;
				PRODUCT_BUNDLE_IDENTIFIER = info.jacobko.LovelyPet;
				PRODUCT_NAME = "$(TARGET_NAME)";
				SWIFT_EMIT_LOC_STRINGS = YES;
				SWIFT_VERSION = 5.0;
				TARGETED_DEVICE_FAMILY = 1;
			};
			name = Debug;
		};
		818C767727ED8ACB001DB2A7 /* Release */ = {
			isa = XCBuildConfiguration;
			buildSettings = {
				ASSETCATALOG_COMPILER_APPICON_NAME = AppIcon;
				ASSETCATALOG_COMPILER_GLOBAL_ACCENT_COLOR_NAME = AccentColor;
				CODE_SIGN_STYLE = Automatic;
				CURRENT_PROJECT_VERSION = 1;
				DEVELOPMENT_ASSET_PATHS = "\"LovelyPet/Preview Content\"";
				DEVELOPMENT_TEAM = M63L6X73D4;
				ENABLE_PREVIEWS = YES;
				GENERATE_INFOPLIST_FILE = YES;
				INFOPLIST_FILE = LovelyPet/Info.plist;
				INFOPLIST_KEY_UIApplicationSceneManifest_Generation = YES;
				INFOPLIST_KEY_UIApplicationSupportsIndirectInputEvents = YES;
				INFOPLIST_KEY_UILaunchScreen_Generation = YES;
				INFOPLIST_KEY_UILaunchStoryboardName = LaunchScreen;
				INFOPLIST_KEY_UISupportedInterfaceOrientations = UIInterfaceOrientationPortrait;
				INFOPLIST_KEY_UISupportedInterfaceOrientations_iPad = "UIInterfaceOrientationPortrait UIInterfaceOrientationPortraitUpsideDown UIInterfaceOrientationLandscapeLeft UIInterfaceOrientationLandscapeRight";
				INFOPLIST_KEY_UISupportedInterfaceOrientations_iPhone = "UIInterfaceOrientationPortrait UIInterfaceOrientationLandscapeLeft UIInterfaceOrientationLandscapeRight";
				IPHONEOS_DEPLOYMENT_TARGET = 14.0;
				LD_RUNPATH_SEARCH_PATHS = (
					"$(inherited)",
					"@executable_path/Frameworks",
				);
				MARKETING_VERSION = 1.0;
				PRODUCT_BUNDLE_IDENTIFIER = info.jacobko.LovelyPet;
				PRODUCT_NAME = "$(TARGET_NAME)";
				SWIFT_EMIT_LOC_STRINGS = YES;
				SWIFT_VERSION = 5.0;
				TARGETED_DEVICE_FAMILY = 1;
			};
			name = Release;
		};
/* End XCBuildConfiguration section */

/* Begin XCConfigurationList section */
		818C766227ED8ACA001DB2A7 /* Build configuration list for PBXProject "LovelyPet" */ = {
			isa = XCConfigurationList;
			buildConfigurations = (
				818C767327ED8ACB001DB2A7 /* Debug */,
				818C767427ED8ACB001DB2A7 /* Release */,
			);
			defaultConfigurationIsVisible = 0;
			defaultConfigurationName = Release;
		};
		818C767527ED8ACB001DB2A7 /* Build configuration list for PBXNativeTarget "LovelyPet" */ = {
			isa = XCConfigurationList;
			buildConfigurations = (
				818C767627ED8ACB001DB2A7 /* Debug */,
				818C767727ED8ACB001DB2A7 /* Release */,
			);
			defaultConfigurationIsVisible = 0;
			defaultConfigurationName = Release;
		};
/* End XCConfigurationList section */
	};
	rootObject = 818C765F27ED8ACA001DB2A7 /* Project object */;
}
